
Microsoft Visual Studio Solution File, Format Version 12.00
# Visual Studio 2012
Project("{FAE04EC0-301F-11D3-BF4B-00C04F79EFBC}") = "ConversorMoedas", "ConversorMoeda\ConversorMoedas.csproj", "{C2FBE2CC-B032-45F3-8143-0658E7F40672}"
EndProject
Global
	GlobalSection(SolutionConfigurationPlatforms) = preSolution
		Debug|Any CPU = Debug|Any CPU
		Release|Any CPU = Release|Any CPU
	EndGlobalSection
	GlobalSection(ProjectConfigurationPlatforms) = postSolution
		{C2FBE2CC-B032-45F3-8143-0658E7F40672}.Debug|Any CPU.ActiveCfg = Debug|Any CPU
		{C2FBE2CC-B032-45F3-8143-0658E7F40672}.Debug|Any CPU.Build.0 = Debug|Any CPU
		{C2FBE2CC-B032-45F3-8143-0658E7F40672}.Release|Any CPU.ActiveCfg = Release|Any CPU
		{C2FBE2CC-B032-45F3-8143-0658E7F40672}.Release|Any CPU.Build.0 = Release|Any CPU
	EndGlobalSection
EndGlobal
